// !$*UTF8*$!
{
	archiveVersion = 1;
	classes = {
	};
	objectVersion = 51;
	objects = {

/* Begin PBXBuildFile section */
		43E16950AC2C196E40DCDE74 /* Pods_Search_tutorial.framework in Frameworks */ = {isa = PBXBuildFile; fileRef = 101A9E828280C23BA1B02517 /* Pods_Search_tutorial.framework */; };
		F91E697225060DD600EBF2A5 /* MyAlamofireManager.swift in Sources */ = {isa = PBXBuildFile; fileRef = F91E697125060DD600EBF2A5 /* MyAlamofireManager.swift */; };
		F91E697425060E9000EBF2A5 /* BaseInterceptor.swift in Sources */ = {isa = PBXBuildFile; fileRef = F91E697325060E9000EBF2A5 /* BaseInterceptor.swift */; };
		F940909B24F9238F00BC7033 /* AppDelegate.swift in Sources */ = {isa = PBXBuildFile; fileRef = F940909A24F9238F00BC7033 /* AppDelegate.swift */; };
		F940909D24F9238F00BC7033 /* SceneDelegate.swift in Sources */ = {isa = PBXBuildFile; fileRef = F940909C24F9238F00BC7033 /* SceneDelegate.swift */; };
		F940909F24F9238F00BC7033 /* HomeVC.swift in Sources */ = {isa = PBXBuildFile; fileRef = F940909E24F9238F00BC7033 /* HomeVC.swift */; };
		F94090A424F9239100BC7033 /* Assets.xcassets in Resources */ = {isa = PBXBuildFile; fileRef = F94090A324F9239100BC7033 /* Assets.xcassets */; };
		F94090A724F9239100BC7033 /* LaunchScreen.storyboard in Resources */ = {isa = PBXBuildFile; fileRef = F94090A524F9239100BC7033 /* LaunchScreen.storyboard */; };
		F94090B224F9266200BC7033 /* unsplash.jpeg in Resources */ = {isa = PBXBuildFile; fileRef = F94090B124F9266200BC7033 /* unsplash.jpeg */; };
		F94090B424F9299600BC7033 /* UserListVC.swift in Sources */ = {isa = PBXBuildFile; fileRef = F94090B324F9299600BC7033 /* UserListVC.swift */; };
		F94090B624F92A4800BC7033 /* PhotoVC.swift in Sources */ = {isa = PBXBuildFile; fileRef = F94090B524F92A4800BC7033 /* PhotoVC.swift */; };
		F94090B824F92CB800BC7033 /* Main.storyboard in Resources */ = {isa = PBXBuildFile; fileRef = F94090B724F92CB800BC7033 /* Main.storyboard */; };
		F9B9E09824FA9EFB00000404 /* Constants.swift in Sources */ = {isa = PBXBuildFile; fileRef = F9B9E09724FA9EFB00000404 /* Constants.swift */; };
		F9B9E09A24FAA24600000404 /* BaseVC.swift in Sources */ = {isa = PBXBuildFile; fileRef = F9B9E09924FAA24600000404 /* BaseVC.swift */; };
/* End PBXBuildFile section */

/* Begin PBXFileReference section */
		07B0B4B2EC4CC1F14BAE7994 /* Pods-Search_tutorial.release.xcconfig */ = {isa = PBXFileReference; includeInIndex = 1; lastKnownFileType = text.xcconfig; name = "Pods-Search_tutorial.release.xcconfig"; path = "Target Support Files/Pods-Search_tutorial/Pods-Search_tutorial.release.xcconfig"; sourceTree = "<group>"; };
		101A9E828280C23BA1B02517 /* Pods_Search_tutorial.framework */ = {isa = PBXFileReference; explicitFileType = wrapper.framework; includeInIndex = 0; path = Pods_Search_tutorial.framework; sourceTree = BUILT_PRODUCTS_DIR; };
		F2F9932926D6326B8FCF5DD0 /* Pods-Search_tutorial.debug.xcconfig */ = {isa = PBXFileReference; includeInIndex = 1; lastKnownFileType = text.xcconfig; name = "Pods-Search_tutorial.debug.xcconfig"; path = "Target Support Files/Pods-Search_tutorial/Pods-Search_tutorial.debug.xcconfig"; sourceTree = "<group>"; };
		F91E697125060DD600EBF2A5 /* MyAlamofireManager.swift */ = {isa = PBXFileReference; lastKnownFileType = sourcecode.swift; path = MyAlamofireManager.swift; sourceTree = "<group>"; };
		F91E697325060E9000EBF2A5 /* BaseInterceptor.swift */ = {isa = PBXFileReference; lastKnownFileType = sourcecode.swift; path = BaseInterceptor.swift; sourceTree = "<group>"; };
		F940909724F9238F00BC7033 /* Search_tutorial.app */ = {isa = PBXFileReference; explicitFileType = wrapper.application; includeInIndex = 0; path = Search_tutorial.app; sourceTree = BUILT_PRODUCTS_DIR; };
		F940909A24F9238F00BC7033 /* AppDelegate.swift */ = {isa = PBXFileReference; lastKnownFileType = sourcecode.swift; path = AppDelegate.swift; sourceTree = "<group>"; };
		F940909C24F9238F00BC7033 /* SceneDelegate.swift */ = {isa = PBXFileReference; lastKnownFileType = sourcecode.swift; path = SceneDelegate.swift; sourceTree = "<group>"; };
		F940909E24F9238F00BC7033 /* HomeVC.swift */ = {isa = PBXFileReference; lastKnownFileType = sourcecode.swift; path = HomeVC.swift; sourceTree = "<group>"; };
		F94090A324F9239100BC7033 /* Assets.xcassets */ = {isa = PBXFileReference; lastKnownFileType = folder.assetcatalog; path = Assets.xcassets; sourceTree = "<group>"; };
		F94090A624F9239100BC7033 /* Base */ = {isa = PBXFileReference; lastKnownFileType = file.storyboard; name = Base; path = Base.lproj/LaunchScreen.storyboard; sourceTree = "<group>"; };
		F94090A824F9239100BC7033 /* Info.plist */ = {isa = PBXFileReference; lastKnownFileType = text.plist.xml; path = Info.plist; sourceTree = "<group>"; };
		F94090B124F9266200BC7033 /* unsplash.jpeg */ = {isa = PBXFileReference; lastKnownFileType = image.jpeg; path = unsplash.jpeg; sourceTree = "<group>"; };
		F94090B324F9299600BC7033 /* UserListVC.swift */ = {isa = PBXFileReference; lastKnownFileType = sourcecode.swift; path = UserListVC.swift; sourceTree = "<group>"; };
		F94090B524F92A4800BC7033 /* PhotoVC.swift */ = {isa = PBXFileReference; lastKnownFileType = sourcecode.swift; path = PhotoVC.swift; sourceTree = "<group>"; };
		F94090B724F92CB800BC7033 /* Main.storyboard */ = {isa = PBXFileReference; lastKnownFileType = file.storyboard; path = Main.storyboard; sourceTree = "<group>"; };
		F9B9E09724FA9EFB00000404 /* Constants.swift */ = {isa = PBXFileReference; lastKnownFileType = sourcecode.swift; path = Constants.swift; sourceTree = "<group>"; };
		F9B9E09924FAA24600000404 /* BaseVC.swift */ = {isa = PBXFileReference; lastKnownFileType = sourcecode.swift; path = BaseVC.swift; sourceTree = "<group>"; };
/* End PBXFileReference section */

/* Begin PBXFrameworksBuildPhase section */
		F940909424F9238F00BC7033 /* Frameworks */ = {
			isa = PBXFrameworksBuildPhase;
			buildActionMask = 2147483647;
			files = (
				43E16950AC2C196E40DCDE74 /* Pods_Search_tutorial.framework in Frameworks */,
			);
			runOnlyForDeploymentPostprocessing = 0;
		};
/* End PBXFrameworksBuildPhase section */

/* Begin PBXGroup section */
		B58BA34FEBA9B88E5A6F041C /* Frameworks */ = {
			isa = PBXGroup;
			children = (
				101A9E828280C23BA1B02517 /* Pods_Search_tutorial.framework */,
			);
			name = Frameworks;
			sourceTree = "<group>";
		};
		D37AC2EADAD15E4190564B0F /* Pods */ = {
			isa = PBXGroup;
			children = (
				F2F9932926D6326B8FCF5DD0 /* Pods-Search_tutorial.debug.xcconfig */,
				07B0B4B2EC4CC1F14BAE7994 /* Pods-Search_tutorial.release.xcconfig */,
			);
			path = Pods;
			sourceTree = "<group>";
		};
		F91E697025060C1D00EBF2A5 /* AlamofireAPI */ = {
			isa = PBXGroup;
			children = (
				F91E697125060DD600EBF2A5 /* MyAlamofireManager.swift */,
				F91E697325060E9000EBF2A5 /* BaseInterceptor.swift */,
			);
			path = AlamofireAPI;
			sourceTree = "<group>";
		};
		F940908E24F9238F00BC7033 = {
			isa = PBXGroup;
			children = (
				F940909924F9238F00BC7033 /* Search_tutorial */,
				F940909824F9238F00BC7033 /* Products */,
				D37AC2EADAD15E4190564B0F /* Pods */,
				B58BA34FEBA9B88E5A6F041C /* Frameworks */,
			);
			sourceTree = "<group>";
		};
		F940909824F9238F00BC7033 /* Products */ = {
			isa = PBXGroup;
			children = (
				F940909724F9238F00BC7033 /* Search_tutorial.app */,
			);
			name = Products;
			sourceTree = "<group>";
		};
		F940909924F9238F00BC7033 /* Search_tutorial */ = {
			isa = PBXGroup;
			children = (
				F91E697025060C1D00EBF2A5 /* AlamofireAPI */,
				F9B9E09624FA9EDD00000404 /* Utiles */,
				F9B9E09524FA752100000404 /* ViewContollers */,
				F94090AE24F923E200BC7033 /* Resource */,
				F940909A24F9238F00BC7033 /* AppDelegate.swift */,
				F940909C24F9238F00BC7033 /* SceneDelegate.swift */,
				F94090A524F9239100BC7033 /* LaunchScreen.storyboard */,
				F94090A824F9239100BC7033 /* Info.plist */,
				F94090B724F92CB800BC7033 /* Main.storyboard */,
			);
			path = Search_tutorial;
			sourceTree = "<group>";
		};
		F94090AE24F923E200BC7033 /* Resource */ = {
			isa = PBXGroup;
			children = (
				F94090B124F9266200BC7033 /* unsplash.jpeg */,
				F94090A324F9239100BC7033 /* Assets.xcassets */,
			);
			path = Resource;
			sourceTree = "<group>";
		};
		F9B9E09524FA752100000404 /* ViewContollers */ = {
			isa = PBXGroup;
			children = (
				F940909E24F9238F00BC7033 /* HomeVC.swift */,
				F94090B324F9299600BC7033 /* UserListVC.swift */,
				F94090B524F92A4800BC7033 /* PhotoVC.swift */,
				F9B9E09924FAA24600000404 /* BaseVC.swift */,
			);
			path = ViewContollers;
			sourceTree = "<group>";
		};
		F9B9E09624FA9EDD00000404 /* Utiles */ = {
			isa = PBXGroup;
			children = (
				F9B9E09724FA9EFB00000404 /* Constants.swift */,
			);
			path = Utiles;
			sourceTree = "<group>";
		};
/* End PBXGroup section */

/* Begin PBXNativeTarget section */
		F940909624F9238F00BC7033 /* Search_tutorial */ = {
			isa = PBXNativeTarget;
			buildConfigurationList = F94090AB24F9239100BC7033 /* Build configuration list for PBXNativeTarget "Search_tutorial" */;
			buildPhases = (
				1A209AE51BD2CE0003D869A7 /* [CP] Check Pods Manifest.lock */,
				F940909324F9238F00BC7033 /* Sources */,
				F940909424F9238F00BC7033 /* Frameworks */,
				F940909524F9238F00BC7033 /* Resources */,
				E4E1A6E1D71E1F1619605C58 /* [CP] Embed Pods Frameworks */,
			);
			buildRules = (
			);
			dependencies = (
			);
			name = Search_tutorial;
			productName = Search_tutorial;
			productReference = F940909724F9238F00BC7033 /* Search_tutorial.app */;
			productType = "com.apple.product-type.application";
		};
/* End PBXNativeTarget section */

/* Begin PBXProject section */
		F940908F24F9238F00BC7033 /* Project object */ = {
			isa = PBXProject;
			attributes = {
				LastSwiftUpdateCheck = 1160;
				LastUpgradeCheck = 1160;
				ORGANIZATIONNAME = minchae;
				TargetAttributes = {
					F940909624F9238F00BC7033 = {
						CreatedOnToolsVersion = 11.6;
					};
				};
			};
			buildConfigurationList = F940909224F9238F00BC7033 /* Build configuration list for PBXProject "Search_tutorial" */;
			compatibilityVersion = "Xcode 9.3";
			developmentRegion = en;
			hasScannedForEncodings = 0;
			knownRegions = (
				en,
				Base,
			);
			mainGroup = F940908E24F9238F00BC7033;
			productRefGroup = F940909824F9238F00BC7033 /* Products */;
			projectDirPath = "";
			projectRoot = "";
			targets = (
				F940909624F9238F00BC7033 /* Search_tutorial */,
			);
		};
/* End PBXProject section */

/* Begin PBXResourcesBuildPhase section */
		F940909524F9238F00BC7033 /* Resources */ = {
			isa = PBXResourcesBuildPhase;
			buildActionMask = 2147483647;
			files = (
				F94090A724F9239100BC7033 /* LaunchScreen.storyboard in Resources */,
				F94090A424F9239100BC7033 /* Assets.xcassets in Resources */,
				F94090B224F9266200BC7033 /* unsplash.jpeg in Resources */,
				F94090B824F92CB800BC7033 /* Main.storyboard in Resources */,
			);
			runOnlyForDeploymentPostprocessing = 0;
		};
/* End PBXResourcesBuildPhase section */

/* Begin PBXShellScriptBuildPhase section */
		1A209AE51BD2CE0003D869A7 /* [CP] Check Pods Manifest.lock */ = {
			isa = PBXShellScriptBuildPhase;
			buildActionMask = 2147483647;
			files = (
			);
			inputFileListPaths = (
			);
			inputPaths = (
				"${PODS_PODFILE_DIR_PATH}/Podfile.lock",
				"${PODS_ROOT}/Manifest.lock",
			);
			name = "[CP] Check Pods Manifest.lock";
			outputFileListPaths = (
			);
			outputPaths = (
				"$(DERIVED_FILE_DIR)/Pods-Search_tutorial-checkManifestLockResult.txt",
			);
			runOnlyForDeploymentPostprocessing = 0;
			shellPath = /bin/sh;
			shellScript = "diff \"${PODS_PODFILE_DIR_PATH}/Podfile.lock\" \"${PODS_ROOT}/Manifest.lock\" > /dev/null\nif [ $? != 0 ] ; then\n    # print error to STDERR\n    echo \"error: The sandbox is not in sync with the Podfile.lock. Run 'pod install' or update your CocoaPods installation.\" >&2\n    exit 1\nfi\n# This output is used by Xcode 'outputs' to avoid re-running this script phase.\necho \"SUCCESS\" > \"${SCRIPT_OUTPUT_FILE_0}\"\n";
			showEnvVarsInLog = 0;
		};
		E4E1A6E1D71E1F1619605C58 /* [CP] Embed Pods Frameworks */ = {
			isa = PBXShellScriptBuildPhase;
			buildActionMask = 2147483647;
			files = (
			);
			inputFileListPaths = (
				"${PODS_ROOT}/Target Support Files/Pods-Search_tutorial/Pods-Search_tutorial-frameworks-${CONFIGURATION}-input-files.xcfilelist",
			);
			name = "[CP] Embed Pods Frameworks";
			outputFileListPaths = (
				"${PODS_ROOT}/Target Support Files/Pods-Search_tutorial/Pods-Search_tutorial-frameworks-${CONFIGURATION}-output-files.xcfilelist",
			);
			runOnlyForDeploymentPostprocessing = 0;
			shellPath = /bin/sh;
			shellScript = "\"${PODS_ROOT}/Target Support Files/Pods-Search_tutorial/Pods-Search_tutorial-frameworks.sh\"\n";
			showEnvVarsInLog = 0;
		};
/* End PBXShellScriptBuildPhase section */

/* Begin PBXSourcesBuildPhase section */
		F940909324F9238F00BC7033 /* Sources */ = {
			isa = PBXSourcesBuildPhase;
			buildActionMask = 2147483647;
			files = (
				F94090B624F92A4800BC7033 /* PhotoVC.swift in Sources */,
				F940909F24F9238F00BC7033 /* HomeVC.swift in Sources */,
				F91E697425060E9000EBF2A5 /* BaseInterceptor.swift in Sources */,
				F940909B24F9238F00BC7033 /* AppDelegate.swift in Sources */,
				F940909D24F9238F00BC7033 /* SceneDelegate.swift in Sources */,
				F91E697225060DD600EBF2A5 /* MyAlamofireManager.swift in Sources */,
				F94090B424F9299600BC7033 /* UserListVC.swift in Sources */,
				F9B9E09A24FAA24600000404 /* BaseVC.swift in Sources */,
				F9B9E09824FA9EFB00000404 /* Constants.swift in Sources */,
			);
			runOnlyForDeploymentPostprocessing = 0;
		};
/* End PBXSourcesBuildPhase section */

/* Begin PBXVariantGroup section */
		F94090A524F9239100BC7033 /* LaunchScreen.storyboard */ = {
			isa = PBXVariantGroup;
			children = (
				F94090A624F9239100BC7033 /* Base */,
			);
			name = LaunchScreen.storyboard;
			sourceTree = "<group>";
		};
/* End PBXVariantGroup section */

/* Begin XCBuildConfiguration section */
		F94090A924F9239100BC7033 /* Debug */ = {
			isa = XCBuildConfiguration;
			buildSettings = {
				ALWAYS_SEARCH_USER_PATHS = NO;
				CLANG_ANALYZER_NONNULL = YES;
				CLANG_ANALYZER_NUMBER_OBJECT_CONVERSION = YES_AGGRESSIVE;
				CLANG_CXX_LANGUAGE_STANDARD = "gnu++14";
				CLANG_CXX_LIBRARY = "libc++";
				CLANG_ENABLE_MODULES = YES;
				CLANG_ENABLE_OBJC_ARC = YES;
				CLANG_ENABLE_OBJC_WEAK = YES;
				CLANG_WARN_BLOCK_CAPTURE_AUTORELEASING = YES;
				CLANG_WARN_BOOL_CONVERSION = YES;
				CLANG_WARN_COMMA = YES;
				CLANG_WARN_CONSTANT_CONVERSION = YES;
				CLANG_WARN_DEPRECATED_OBJC_IMPLEMENTATIONS = YES;
				CLANG_WARN_DIRECT_OBJC_ISA_USAGE = YES_ERROR;
				CLANG_WARN_DOCUMENTATION_COMMENTS = YES;
				CLANG_WARN_EMPTY_BODY = YES;
				CLANG_WARN_ENUM_CONVERSION = YES;
				CLANG_WARN_INFINITE_RECURSION = YES;
				CLANG_WARN_INT_CONVERSION = YES;
				CLANG_WARN_NON_LITERAL_NULL_CONVERSION = YES;
				CLANG_WARN_OBJC_IMPLICIT_RETAIN_SELF = YES;
				CLANG_WARN_OBJC_LITERAL_CONVERSION = YES;
				CLANG_WARN_OBJC_ROOT_CLASS = YES_ERROR;
				CLANG_WARN_RANGE_LOOP_ANALYSIS = YES;
				CLANG_WARN_STRICT_PROTOTYPES = YES;
				CLANG_WARN_SUSPICIOUS_MOVE = YES;
				CLANG_WARN_UNGUARDED_AVAILABILITY = YES_AGGRESSIVE;
				CLANG_WARN_UNREACHABLE_CODE = YES;
				CLANG_WARN__DUPLICATE_METHOD_MATCH = YES;
				COPY_PHASE_STRIP = NO;
				DEBUG_INFORMATION_FORMAT = dwarf;
				ENABLE_STRICT_OBJC_MSGSEND = YES;
				ENABLE_TESTABILITY = YES;
				GCC_C_LANGUAGE_STANDARD = gnu11;
				GCC_DYNAMIC_NO_PIC = NO;
				GCC_NO_COMMON_BLOCKS = YES;
				GCC_OPTIMIZATION_LEVEL = 0;
				GCC_PREPROCESSOR_DEFINITIONS = (
					"DEBUG=1",
					"$(inherited)",
				);
				GCC_WARN_64_TO_32_BIT_CONVERSION = YES;
				GCC_WARN_ABOUT_RETURN_TYPE = YES_ERROR;
				GCC_WARN_UNDECLARED_SELECTOR = YES;
				GCC_WARN_UNINITIALIZED_AUTOS = YES_AGGRESSIVE;
				GCC_WARN_UNUSED_FUNCTION = YES;
				GCC_WARN_UNUSED_VARIABLE = YES;
				IPHONEOS_DEPLOYMENT_TARGET = 13.6;
				MTL_ENABLE_DEBUG_INFO = INCLUDE_SOURCE;
				MTL_FAST_MATH = YES;
				ONLY_ACTIVE_ARCH = YES;
				SDKROOT = iphoneos;
				SWIFT_ACTIVE_COMPILATION_CONDITIONS = DEBUG;
				SWIFT_OPTIMIZATION_LEVEL = "-Onone";
			};
			name = Debug;
		};
		F94090AA24F9239100BC7033 /* Release */ = {
			isa = XCBuildConfiguration;
			buildSettings = {
				ALWAYS_SEARCH_USER_PATHS = NO;
				CLANG_ANALYZER_NONNULL = YES;
				CLANG_ANALYZER_NUMBER_OBJECT_CONVERSION = YES_AGGRESSIVE;
				CLANG_CXX_LANGUAGE_STANDARD = "gnu++14";
				CLANG_CXX_LIBRARY = "libc++";
				CLANG_ENABLE_MODULES = YES;
				CLANG_ENABLE_OBJC_ARC = YES;
				CLANG_ENABLE_OBJC_WEAK = YES;
				CLANG_WARN_BLOCK_CAPTURE_AUTORELEASING = YES;
				CLANG_WARN_BOOL_CONVERSION = YES;
				CLANG_WARN_COMMA = YES;
				CLANG_WARN_CONSTANT_CONVERSION = YES;
				CLANG_WARN_DEPRECATED_OBJC_IMPLEMENTATIONS = YES;
				CLANG_WARN_DIRECT_OBJC_ISA_USAGE = YES_ERROR;
				CLANG_WARN_DOCUMENTATION_COMMENTS = YES;
				CLANG_WARN_EMPTY_BODY = YES;
				CLANG_WARN_ENUM_CONVERSION = YES;
				CLANG_WARN_INFINITE_RECURSION = YES;
				CLANG_WARN_INT_CONVERSION = YES;
				CLANG_WARN_NON_LITERAL_NULL_CONVERSION = YES;
				CLANG_WARN_OBJC_IMPLICIT_RETAIN_SELF = YES;
				CLANG_WARN_OBJC_LITERAL_CONVERSION = YES;
				CLANG_WARN_OBJC_ROOT_CLASS = YES_ERROR;
				CLANG_WARN_RANGE_LOOP_ANALYSIS = YES;
				CLANG_WARN_STRICT_PROTOTYPES = YES;
				CLANG_WARN_SUSPICIOUS_MOVE = YES;
				CLANG_WARN_UNGUARDED_AVAILABILITY = YES_AGGRESSIVE;
				CLANG_WARN_UNREACHABLE_CODE = YES;
				CLANG_WARN__DUPLICATE_METHOD_MATCH = YES;
				COPY_PHASE_STRIP = NO;
				DEBUG_INFORMATION_FORMAT = "dwarf-with-dsym";
				ENABLE_NS_ASSERTIONS = NO;
				ENABLE_STRICT_OBJC_MSGSEND = YES;
				GCC_C_LANGUAGE_STANDARD = gnu11;
				GCC_NO_COMMON_BLOCKS = YES;
				GCC_WARN_64_TO_32_BIT_CONVERSION = YES;
				GCC_WARN_ABOUT_RETURN_TYPE = YES_ERROR;
				GCC_WARN_UNDECLARED_SELECTOR = YES;
				GCC_WARN_UNINITIALIZED_AUTOS = YES_AGGRESSIVE;
				GCC_WARN_UNUSED_FUNCTION = YES;
				GCC_WARN_UNUSED_VARIABLE = YES;
				IPHONEOS_DEPLOYMENT_TARGET = 13.6;
				MTL_ENABLE_DEBUG_INFO = NO;
				MTL_FAST_MATH = YES;
				SDKROOT = iphoneos;
				SWIFT_COMPILATION_MODE = wholemodule;
				SWIFT_OPTIMIZATION_LEVEL = "-O";
				VALIDATE_PRODUCT = YES;
			};
			name = Release;
		};
		F94090AC24F9239100BC7033 /* Debug */ = {
			isa = XCBuildConfiguration;
			baseConfigurationReference = F2F9932926D6326B8FCF5DD0 /* Pods-Search_tutorial.debug.xcconfig */;
			buildSettings = {
				ASSETCATALOG_COMPILER_APPICON_NAME = AppIcon;
				CODE_SIGN_STYLE = Automatic;
				INFOPLIST_FILE = Search_tutorial/Info.plist;
				LD_RUNPATH_SEARCH_PATHS = (
					"$(inherited)",
					"@executable_path/Frameworks",
				);
				PRODUCT_BUNDLE_IDENTIFIER = "com.practice.Search-tutorial";
				PRODUCT_NAME = "$(TARGET_NAME)";
				SWIFT_VERSION = 5.0;
				TARGETED_DEVICE_FAMILY = "1,2";
			};
			name = Debug;
		};
		F94090AD24F9239100BC7033 /* Release */ = {
			isa = XCBuildConfiguration;
			baseConfigurationReference = 07B0B4B2EC4CC1F14BAE7994 /* Pods-Search_tutorial.release.xcconfig */;
			buildSettings = {
				ASSETCATALOG_COMPILER_APPICON_NAME = AppIcon;
				CODE_SIGN_STYLE = Automatic;
				INFOPLIST_FILE = Search_tutorial/Info.plist;
				LD_RUNPATH_SEARCH_PATHS = (
					"$(inherited)",
					"@executable_path/Frameworks",
				);
				PRODUCT_BUNDLE_IDENTIFIER = "com.practice.Search-tutorial";
				PRODUCT_NAME = "$(TARGET_NAME)";
				SWIFT_VERSION = 5.0;
				TARGETED_DEVICE_FAMILY = "1,2";
			};
			name = Release;
		};
/* End XCBuildConfiguration section */

/* Begin XCConfigurationList section */
		F940909224F9238F00BC7033 /* Build configuration list for PBXProject "Search_tutorial" */ = {
			isa = XCConfigurationList;
			buildConfigurations = (
				F94090A924F9239100BC7033 /* Debug */,
				F94090AA24F9239100BC7033 /* Release */,
			);
			defaultConfigurationIsVisible = 0;
			defaultConfigurationName = Release;
		};
		F94090AB24F9239100BC7033 /* Build configuration list for PBXNativeTarget "Search_tutorial" */ = {
			isa = XCConfigurationList;
			buildConfigurations = (
				F94090AC24F9239100BC7033 /* Debug */,
				F94090AD24F9239100BC7033 /* Release */,
			);
			defaultConfigurationIsVisible = 0;
			defaultConfigurationName = Release;
		};
/* End XCConfigurationList section */
	};
	rootObject = F940908F24F9238F00BC7033 /* Project object */;
}
